
Microsoft Visual Studio Solution File, Format Version 12.00
# Visual Studio Version 17
VisualStudioVersion = 17.7.34202.233
MinimumVisualStudioVersion = 10.0.40219.1
Project("{FAE04EC0-301F-11D3-BF4B-00C04F79EFBC}") = "TestApi", "TestApi\TestApi.csproj", "{6EAE3CF2-7210-419F-88AB-41C0840C06C7}"
EndProject
Project("{FAE04EC0-301F-11D3-BF4B-00C04F79EFBC}") = "KeeperPro", "KeeperPro\KeeperPro.csproj", "{5C523002-0232-4850-99F7-ACB89A02335D}"
EndProject
Project("{9A19103F-16F7-4668-BE54-9A1E7A4F7556}") = "TestWebApp", "TestWebApp\TestWebApp\TestWebApp.csproj", "{9C2DD1E5-F540-4EB9-8EFA-5EE6055658DA}"
EndProject
Global
	GlobalSection(SolutionConfigurationPlatforms) = preSolution
		Debug|Any CPU = Debug|Any CPU
		Release|Any CPU = Release|Any CPU
	EndGlobalSection
	GlobalSection(ProjectConfigurationPlatforms) = postSolution
		{6EAE3CF2-7210-419F-88AB-41C0840C06C7}.Debug|Any CPU.ActiveCfg = Debug|Any CPU
		{6EAE3CF2-7210-419F-88AB-41C0840C06C7}.Debug|Any CPU.Build.0 = Debug|Any CPU
		{6EAE3CF2-7210-419F-88AB-41C0840C06C7}.Release|Any CPU.ActiveCfg = Release|Any CPU
		{6EAE3CF2-7210-419F-88AB-41C0840C06C7}.Release|Any CPU.Build.0 = Release|Any CPU
		{5C523002-0232-4850-99F7-ACB89A02335D}.Debug|Any CPU.ActiveCfg = Debug|Any CPU
		{5C523002-0232-4850-99F7-ACB89A02335D}.Debug|Any CPU.Build.0 = Debug|Any CPU
		{5C523002-0232-4850-99F7-ACB89A02335D}.Release|Any CPU.ActiveCfg = Release|Any CPU
		{5C523002-0232-4850-99F7-ACB89A02335D}.Release|Any CPU.Build.0 = Release|Any CPU
		{9C2DD1E5-F540-4EB9-8EFA-5EE6055658DA}.Debug|Any CPU.ActiveCfg = Debug|Any CPU
		{9C2DD1E5-F540-4EB9-8EFA-5EE6055658DA}.Debug|Any CPU.Build.0 = Debug|Any CPU
		{9C2DD1E5-F540-4EB9-8EFA-5EE6055658DA}.Release|Any CPU.ActiveCfg = Release|Any CPU
		{9C2DD1E5-F540-4EB9-8EFA-5EE6055658DA}.Release|Any CPU.Build.0 = Release|Any CPU
	EndGlobalSection
	GlobalSection(SolutionProperties) = preSolution
		HideSolutionNode = FALSE
	EndGlobalSection
	GlobalSection(ExtensibilityGlobals) = postSolution
		SolutionGuid = {58452E81-1571-4539-ACC8-765B7C2BEDC5}
	EndGlobalSection
EndGlobal
